
Microsoft Visual Studio Solution File, Format Version 12.00
# Visual Studio 15
VisualStudioVersion = 15.0.28307.1231
MinimumVisualStudioVersion = 10.0.40219.1
Project("{FAE04EC0-301F-11D3-BF4B-00C04F79EFBC}") = "SukruthExampleLogger", "SukruthExampleLogger\SukruthExampleLogger.csproj", "{15605500-629C-4E49-8908-73399BD5ECB4}"
EndProject
Global
	GlobalSection(SolutionConfigurationPlatforms) = preSolution
		Debug|Any CPU = Debug|Any CPU
		Release|Any CPU = Release|Any CPU
	EndGlobalSection
	GlobalSection(ProjectConfigurationPlatforms) = postSolution
		{15605500-629C-4E49-8908-73399BD5ECB4}.Debug|Any CPU.ActiveCfg = Debug|Any CPU
		{15605500-629C-4E49-8908-73399BD5ECB4}.Debug|Any CPU.Build.0 = Debug|Any CPU
		{15605500-629C-4E49-8908-73399BD5ECB4}.Release|Any CPU.ActiveCfg = Release|Any CPU
		{15605500-629C-4E49-8908-73399BD5ECB4}.Release|Any CPU.Build.0 = Release|Any CPU
	EndGlobalSection
	GlobalSection(SolutionProperties) = preSolution
		HideSolutionNode = FALSE
	EndGlobalSection
	GlobalSection(ExtensibilityGlobals) = postSolution
		SolutionGuid = {B2BACF5E-1F8D-4940-9B4B-9024A46319AA}
	EndGlobalSection
EndGlobal
